<?xml version="1.0" encoding="utf-8"?>
<Project ToolsVersion="4.0" xmlns="http://schemas.microsoft.com/developer/msbuild/2003">
  <ItemGroup>
    <Filter Include="Applications">
      <UniqueIdentifier>{6CBA949E-581D-2443-01A3-5CF9EDE4EFC5}</UniqueIdentifier>
    </Filter>
    <Filter Include="Applications\Events">
      <UniqueIdentifier>{D0F4FA3B-3C56-D849-C5C3-1EFC31240F09}</UniqueIdentifier>
    </Filter>
    <Filter Include="Applications\Layers">
      <UniqueIdentifier>{ABDFDD4A-1741-BB58-A0AE-010B0C0FF217}</UniqueIdentifier>
    </Filter>
    <Filter Include="Applications\Platforms">
      <UniqueIdentifier>{B378D797-9F72-00EA-88DF-96FA74786656}</UniqueIdentifier>
    </Filter>
    <Filter Include="Applications\Platforms\Windows">
      <UniqueIdentifier>{ED25E0CC-D94B-AA33-C291-2FFFAE56CFFF}</UniqueIdentifier>
    </Filter>
    <Filter Include="Applications\Windows">
      <UniqueIdentifier>{A6103C07-929F-C5D0-3BBE-D9CB272CD676}</UniqueIdentifier>
    </Filter>
    <Filter Include="Core">
      <UniqueIdentifier>{2EB4837C-1AEB-840D-C3D7-6A10AFED000F}</UniqueIdentifier>
    </Filter>
    <Filter Include="Utils">
      <UniqueIdentifier>{F68B420E-62A0-6ABF-2B22-0E1F97F566F0}</UniqueIdentifier>
    </Filter>
    <Filter Include="Utils\Colors">
      <UniqueIdentifier>{F7442BBC-E3A7-BA60-8C2D-F316786F86E3}</UniqueIdentifier>
    </Filter>
    <Filter Include="Utils\Log">
      <UniqueIdentifier>{C7AE0E44-3319-C3BA-7C57-7460E800A10F}</UniqueIdentifier>
    </Filter>
    <Filter Include="Utils\Math">
      <UniqueIdentifier>{8FDAE4C5-7B92-2613-E499-FF6ED070C103}</UniqueIdentifier>
    </Filter>
    <Filter Include="Utils\Timing">
      <UniqueIdentifier>{EDD666E3-D939-F687-82BF-2E3E6E01C20A}</UniqueIdentifier>
    </Filter>
  </ItemGroup>
  <ItemGroup>
    <ClInclude Include="Source\Applications\Application.h">
      <Filter>Applications</Filter>
    </ClInclude>
    <ClInclude Include="Source\Applications\Events\ApplicationEvent.h">
      <Filter>Applications\Events</Filter>
    </ClInclude>
    <ClInclude Include="Source\Applications\Events\Event.h">
      <Filter>Applications\Events</Filter>
    </ClInclude>
    <ClInclude Include="Source\Applications\Events\EventDispatcher.h">
      <Filter>Applications\Events</Filter>
    </ClInclude>
    <ClInclude Include="Source\Applications\Events\KeyEvent.h">
      <Filter>Applications\Events</Filter>
    </ClInclude>
    <ClInclude Include="Source\Applications\Events\MouseEvent.h">
      <Filter>Applications\Events</Filter>
    </ClInclude>
    <ClInclude Include="Source\Applications\Layers\Layer.h">
      <Filter>Applications\Layers</Filter>
    </ClInclude>
    <ClInclude Include="Source\Applications\Layers\LayerStack.h">
      <Filter>Applications\Layers</Filter>
    </ClInclude>
    <ClInclude Include="Source\Applications\Platforms\Windows\WindowsWindow.h">
      <Filter>Applications\Platforms\Windows</Filter>
    </ClInclude>
    <ClInclude Include="Source\Applications\Windows\Window.h">
      <Filter>Applications\Windows</Filter>
    </ClInclude>
    <ClInclude Include="Source\Core\Core.h">
      <Filter>Core</Filter>
    </ClInclude>
    <ClInclude Include="Source\Core\zepch.h">
      <Filter>Core</Filter>
    </ClInclude>
    <ClInclude Include="Source\Utils\Colors\Color.h">
      <Filter>Utils\Colors</Filter>
    </ClInclude>
    <ClInclude Include="Source\Utils\Log\Logger.h">
      <Filter>Utils\Log</Filter>
    </ClInclude>
    <ClInclude Include="Source\Utils\Math\Circle.h">
      <Filter>Utils\Math</Filter>
    </ClInclude>
    <ClInclude Include="Source\Utils\Math\Cone.h">
      <Filter>Utils\Math</Filter>
    </ClInclude>
    <ClInclude Include="Source\Utils\Math\Math.h">
      <Filter>Utils\Math</Filter>
    </ClInclude>
    <ClInclude Include="Source\Utils\Math\Matrix.h">
      <Filter>Utils\Math</Filter>
    </ClInclude>
    <ClInclude Include="Source\Utils\Math\Rectangle.h">
      <Filter>Utils\Math</Filter>
    </ClInclude>
    <ClInclude Include="Source\Utils\Math\Sphere.h">
      <Filter>Utils\Math</Filter>
    </ClInclude>
    <ClInclude Include="Source\Utils\Math\Triangle.h">
      <Filter>Utils\Math</Filter>
    </ClInclude>
    <ClInclude Include="Source\Utils\Math\Vector2.h">
      <Filter>Utils\Math</Filter>
    </ClInclude>
    <ClInclude Include="Source\Utils\Math\Vector3.h">
      <Filter>Utils\Math</Filter>
    </ClInclude>
    <ClInclude Include="Source\Utils\RNG.h">
      <Filter>Utils</Filter>
    </ClInclude>
    <ClInclude Include="Source\Utils\Timing\HighPrecisionTimer.h">
      <Filter>Utils\Timing</Filter>
    </ClInclude>
    <ClInclude Include="Source\Utils\Timing\SimpleInstrumentationProfiler.h">
      <Filter>Utils\Timing</Filter>
    </ClInclude>
    <ClInclude Include="Source\Utils\Typedefs.h">
      <Filter>Utils</Filter>
    </ClInclude>
  </ItemGroup>
  <ItemGroup>
    <ClCompile Include="Source\Applications\Application.cpp">
      <Filter>Applications</Filter>
    </ClCompile>
    <ClCompile Include="Source\Applications\Events\ApplicationEvent.cpp">
      <Filter>Applications\Events</Filter>
    </ClCompile>
    <ClCompile Include="Source\Applications\Events\EventDispatcher.cpp">
      <Filter>Applications\Events</Filter>
    </ClCompile>
    <ClCompile Include="Source\Applications\Events\KeyEvent.cpp">
      <Filter>Applications\Events</Filter>
    </ClCompile>
    <ClCompile Include="Source\Applications\Events\MouseEvent.cpp">
      <Filter>Applications\Events</Filter>
    </ClCompile>
    <ClCompile Include="Source\Applications\Layers\Layer.cpp">
      <Filter>Applications\Layers</Filter>
    </ClCompile>
    <ClCompile Include="Source\Applications\Layers\LayerStack.cpp">
      <Filter>Applications\Layers</Filter>
    </ClCompile>
    <ClCompile Include="Source\Applications\Platforms\Windows\WindowsWindow.cpp">
      <Filter>Applications\Platforms\Windows</Filter>
    </ClCompile>
    <ClCompile Include="Source\Applications\Windows\Window.cpp">
      <Filter>Applications\Windows</Filter>
    </ClCompile>
    <ClCompile Include="Source\Core\zepch.cpp">
      <Filter>Core</Filter>
    </ClCompile>
    <ClCompile Include="Source\Utils\Colors\Color.cpp">
      <Filter>Utils\Colors</Filter>
    </ClCompile>
    <ClCompile Include="Source\Utils\Log\Logger.cpp">
      <Filter>Utils\Log</Filter>
    </ClCompile>
    <ClCompile Include="Source\Utils\Math\Matrix.cpp">
      <Filter>Utils\Math</Filter>
    </ClCompile>
    <ClCompile Include="Source\Utils\RNG.cpp">
      <Filter>Utils</Filter>
    </ClCompile>
    <ClCompile Include="Source\Utils\Timing\HighPrecisionTimer.cpp">
      <Filter>Utils\Timing</Filter>
    </ClCompile>
  </ItemGroup>
</Project>